
Microsoft Visual Studio Solution File, Format Version 12.00
# Visual Studio Version 17
VisualStudioVersion = 17.7.34009.444
MinimumVisualStudioVersion = 10.0.40219.1
Project("{888888A0-9F3D-457C-B088-3A5042F75D52}") = "sch equation neural network", "sch equation neural network\sch equation neural network.pyproj", "{4A711CA2-70D5-489C-A6CF-3D3F6D4EB0EA}"
EndProject
Global
	GlobalSection(SolutionConfigurationPlatforms) = preSolution
		Debug|Any CPU = Debug|Any CPU
		Release|Any CPU = Release|Any CPU
	EndGlobalSection
	GlobalSection(ProjectConfigurationPlatforms) = postSolution
		{4A711CA2-70D5-489C-A6CF-3D3F6D4EB0EA}.Debug|Any CPU.ActiveCfg = Debug|Any CPU
		{4A711CA2-70D5-489C-A6CF-3D3F6D4EB0EA}.Release|Any CPU.ActiveCfg = Release|Any CPU
	EndGlobalSection
	GlobalSection(SolutionProperties) = preSolution
		HideSolutionNode = FALSE
	EndGlobalSection
	GlobalSection(ExtensibilityGlobals) = postSolution
		SolutionGuid = {FCCB5F2E-E6D8-4351-86C0-7781CAC608B8}
	EndGlobalSection
EndGlobal
